// !$*UTF8*$!
{
	archiveVersion = 1;
	classes = {
	};
	objectVersion = 46;
	objects = {

/* Begin PBXBuildFile section */
		_LinkFileRef_AlchemyRandom_via_AlchemyRandomTestSuite /* AlchemyRandom.framework in Frameworks */ = {isa = PBXBuildFile; fileRef = "_____Product_AlchemyRandom" /* AlchemyRandom.framework */; };
		__src_cc_ref_Sources/AlchemyRandom.swift /* AlchemyRandom.swift in Sources */ = {isa = PBXBuildFile; fileRef = __PBXFileRef_Sources/AlchemyRandom.swift /* AlchemyRandom.swift */; };
		__src_cc_ref_Tests/AlchemyRandom/AlchemyRandomTests.swift /* AlchemyRandomTests.swift in Sources */ = {isa = PBXBuildFile; fileRef = __PBXFileRef_Tests/AlchemyRandom/AlchemyRandomTests.swift /* AlchemyRandomTests.swift */; };
/* End PBXBuildFile section */

/* Begin PBXContainerItemProxy section */
		839D4E921D1C248700BEF8C4 /* PBXContainerItemProxy */ = {
			isa = PBXContainerItemProxy;
			containerPortal = __RootObject_ /* Project object */;
			proxyType = 1;
			remoteGlobalIDString = "______Target_AlchemyRandom";
			remoteInfo = AlchemyRandom;
		};
/* End PBXContainerItemProxy section */

/* Begin PBXFileReference section */
		839D4E931D1C249200BEF8C4 /* Demo.playground */ = {isa = PBXFileReference; lastKnownFileType = file.playground; path = Demo.playground; sourceTree = "<group>"; };
		839D4E941D1C249200BEF8C4 /* LICENSE.md */ = {isa = PBXFileReference; fileEncoding = 4; lastKnownFileType = net.daringfireball.markdown; path = LICENSE.md; sourceTree = "<group>"; };
		839D4E951D1C249200BEF8C4 /* README.md */ = {isa = PBXFileReference; fileEncoding = 4; lastKnownFileType = net.daringfireball.markdown; path = README.md; sourceTree = "<group>"; };
		__PBXFileRef_AlchemyRandom.xcodeproj/Configs/Project.xcconfig /* Project.xcconfig */ = {isa = PBXFileReference; lastKnownFileType = text.xcconfig; name = Project.xcconfig; path = AlchemyRandom.xcodeproj/Configs/Project.xcconfig; sourceTree = "<group>"; };
		__PBXFileRef_AlchemyRandomTestSuite_Info.plist /* AlchemyRandomTestSuite_Info.plist */ = {isa = PBXFileReference; lastKnownFileType = text.plist.xml; name = AlchemyRandomTestSuite_Info.plist; path = AlchemyRandom.xcodeproj/AlchemyRandomTestSuite_Info.plist; sourceTree = SOURCE_ROOT; };
		__PBXFileRef_AlchemyRandom_Info.plist /* AlchemyRandom_Info.plist */ = {isa = PBXFileReference; lastKnownFileType = text.plist.xml; name = AlchemyRandom_Info.plist; path = AlchemyRandom.xcodeproj/AlchemyRandom_Info.plist; sourceTree = SOURCE_ROOT; };
		__PBXFileRef_Package.swift /* Package.swift */ = {isa = PBXFileReference; lastKnownFileType = sourcecode.swift; path = Package.swift; sourceTree = "<group>"; };
		__PBXFileRef_Sources/AlchemyRandom.swift /* AlchemyRandom.swift */ = {isa = PBXFileReference; lastKnownFileType = sourcecode.swift; name = AlchemyRandom.swift; path = Sources/AlchemyRandom.swift; sourceTree = "<group>"; };
		__PBXFileRef_Tests/AlchemyRandom/AlchemyRandomTests.swift /* AlchemyRandomTests.swift */ = {isa = PBXFileReference; lastKnownFileType = sourcecode.swift; path = AlchemyRandomTests.swift; sourceTree = "<group>"; };
		"_____Product_AlchemyRandom" /* AlchemyRandom.framework */ = {isa = PBXFileReference; explicitFileType = wrapper.framework; path = AlchemyRandom.framework; sourceTree = BUILT_PRODUCTS_DIR; };
		"_____Product_AlchemyRandomTestSuite" /* AlchemyRandomTestSuite.xctest */ = {isa = PBXFileReference; explicitFileType = wrapper.cfbundle; path = AlchemyRandomTestSuite.xctest; sourceTree = BUILT_PRODUCTS_DIR; };
/* End PBXFileReference section */

/* Begin PBXFrameworksBuildPhase section */
		"___LinkPhase_AlchemyRandom" /* Frameworks */ = {
			isa = PBXFrameworksBuildPhase;
			buildActionMask = 0;
			files = (
			);
			runOnlyForDeploymentPostprocessing = 0;
		};
		"___LinkPhase_AlchemyRandomTestSuite" /* Frameworks */ = {
			isa = PBXFrameworksBuildPhase;
			buildActionMask = 0;
			files = (
				_LinkFileRef_AlchemyRandom_via_AlchemyRandomTestSuite /* AlchemyRandom.framework in Frameworks */,
			);
			runOnlyForDeploymentPostprocessing = 0;
		};
/* End PBXFrameworksBuildPhase section */

/* Begin PBXGroup section */
		839D4E981D1C249F00BEF8C4 /* Supporting Files */ = {
			isa = PBXGroup;
			children = (
				__PBXFileRef_AlchemyRandom_Info.plist /* AlchemyRandom_Info.plist */,
				__PBXFileRef_AlchemyRandomTestSuite_Info.plist /* AlchemyRandomTestSuite_Info.plist */,
			);
			name = "Supporting Files";
			sourceTree = "<group>";
		};
		TestProducts_ /* Tests */ = {
			isa = PBXGroup;
			children = (
				"_____Product_AlchemyRandomTestSuite" /* AlchemyRandomTestSuite.xctest */,
			);
			name = Tests;
			sourceTree = "<group>";
		};
		"___RootGroup_" = {
			isa = PBXGroup;
			children = (
				839D4E941D1C249200BEF8C4 /* LICENSE.md */,
				839D4E951D1C249200BEF8C4 /* README.md */,
				__PBXFileRef_Package.swift /* Package.swift */,
				839D4E931D1C249200BEF8C4 /* Demo.playground */,
				"_____Configs_" /* Configs */,
				"_____Sources_" /* Sources */,
				839D4E981D1C249F00BEF8C4 /* Supporting Files */,
				"_______Tests_" /* Tests */,
				"____Products_" /* Products */,
			);
			sourceTree = "<group>";
		};
		"____Products_" /* Products */ = {
			isa = PBXGroup;
			children = (
				TestProducts_ /* Tests */,
				"_____Product_AlchemyRandom" /* AlchemyRandom.framework */,
			);
			name = Products;
			sourceTree = "<group>";
		};
		"_____Configs_" /* Configs */ = {
			isa = PBXGroup;
			children = (
				__PBXFileRef_AlchemyRandom.xcodeproj/Configs/Project.xcconfig /* Project.xcconfig */,
			);
			name = Configs;
			sourceTree = "<group>";
		};
		"_____Sources_" /* Sources */ = {
			isa = PBXGroup;
			children = (
				__PBXFileRef_Sources/AlchemyRandom.swift /* AlchemyRandom.swift */,
			);
			name = Sources;
			sourceTree = "<group>";
		};
		"_______Group_AlchemyRandomTestSuite" /* AlchemyRandomTestSuite */ = {
			isa = PBXGroup;
			children = (
				__PBXFileRef_Tests/AlchemyRandom/AlchemyRandomTests.swift /* AlchemyRandomTests.swift */,
			);
			name = AlchemyRandomTestSuite;
			path = Tests/AlchemyRandom;
			sourceTree = "<group>";
		};
		"_______Tests_" /* Tests */ = {
			isa = PBXGroup;
			children = (
				"_______Group_AlchemyRandomTestSuite" /* AlchemyRandomTestSuite */,
			);
			name = Tests;
			sourceTree = "<group>";
		};
/* End PBXGroup section */

/* Begin PBXNativeTarget section */
		"______Target_AlchemyRandom" /* AlchemyRandom */ = {
			isa = PBXNativeTarget;
			buildConfigurationList = "_______Confs_AlchemyRandom" /* Build configuration list for PBXNativeTarget "AlchemyRandom" */;
			buildPhases = (
				CompilePhase_AlchemyRandom /* Sources */,
				"___LinkPhase_AlchemyRandom" /* Frameworks */,
			);
			buildRules = (
			);
			dependencies = (
			);
			name = AlchemyRandom;
			productName = AlchemyRandom;
			productReference = "_____Product_AlchemyRandom" /* AlchemyRandom.framework */;
			productType = "com.apple.product-type.framework";
		};
		"______Target_AlchemyRandomTestSuite" /* AlchemyRandomTestSuite */ = {
			isa = PBXNativeTarget;
			buildConfigurationList = "_______Confs_AlchemyRandomTestSuite" /* Build configuration list for PBXNativeTarget "AlchemyRandomTestSuite" */;
			buildPhases = (
				CompilePhase_AlchemyRandomTestSuite /* Sources */,
				"___LinkPhase_AlchemyRandomTestSuite" /* Frameworks */,
			);
			buildRules = (
			);
			dependencies = (
				__Dependency_AlchemyRandom /* PBXTargetDependency */,
			);
			name = AlchemyRandomTestSuite;
			productName = AlchemyRandomTestSuite;
			productReference = "_____Product_AlchemyRandomTestSuite" /* AlchemyRandomTestSuite.xctest */;
			productType = "com.apple.product-type.bundle.unit-test";
		};
/* End PBXNativeTarget section */

/* Begin PBXProject section */
		__RootObject_ /* Project object */ = {
			isa = PBXProject;
			attributes = {
				LastUpgradeCheck = 9999;
			};
			buildConfigurationList = "___RootConfs_" /* Build configuration list for PBXProject "AlchemyRandom" */;
			compatibilityVersion = "Xcode 3.2";
			developmentRegion = English;
			hasScannedForEncodings = 0;
			knownRegions = (
				en,
			);
			mainGroup = "___RootGroup_";
			productRefGroup = "____Products_" /* Products */;
			projectDirPath = "";
			projectRoot = "";
			targets = (
				"______Target_AlchemyRandom" /* AlchemyRandom */,
				"______Target_AlchemyRandomTestSuite" /* AlchemyRandomTestSuite */,
			);
		};
/* End PBXProject section */

/* Begin PBXSourcesBuildPhase section */
		CompilePhase_AlchemyRandom /* Sources */ = {
			isa = PBXSourcesBuildPhase;
			buildActionMask = 0;
			files = (
				__src_cc_ref_Sources/AlchemyRandom.swift /* AlchemyRandom.swift in Sources */,
			);
			runOnlyForDeploymentPostprocessing = 0;
		};
		CompilePhase_AlchemyRandomTestSuite /* Sources */ = {
			isa = PBXSourcesBuildPhase;
			buildActionMask = 0;
			files = (
				__src_cc_ref_Tests/AlchemyRandom/AlchemyRandomTests.swift /* AlchemyRandomTests.swift in Sources */,
			);
			runOnlyForDeploymentPostprocessing = 0;
		};
/* End PBXSourcesBuildPhase section */

/* Begin PBXTargetDependency section */
		__Dependency_AlchemyRandom /* PBXTargetDependency */ = {
			isa = PBXTargetDependency;
			target = "______Target_AlchemyRandom" /* AlchemyRandom */;
			targetProxy = 839D4E921D1C248700BEF8C4 /* PBXContainerItemProxy */;
		};
/* End PBXTargetDependency section */

/* Begin XCBuildConfiguration section */
		_ReleaseConf_AlchemyRandom /* Release */ = {
			isa = XCBuildConfiguration;
			buildSettings = {
				CURRENT_PROJECT_VERSION = 0.1.0;
				ENABLE_TESTABILITY = YES;
				INFOPLIST_FILE = AlchemyRandom.xcodeproj/AlchemyRandom_Info.plist;
				LD_RUNPATH_SEARCH_PATHS = "$(TOOLCHAIN_DIR)/usr/lib/swift/macosx";
				OTHER_LDFLAGS = "$(inherited)";
				OTHER_SWIFT_FLAGS = "$(inherited)";
				PRODUCT_MODULE_NAME = "$(TARGET_NAME:c99extidentifier)";
				PRODUCT_NAME = "$(TARGET_NAME:c99extidentifier)";
				VERSIONING_SYSTEM = "apple-generic";
			};
			name = Release;
		};
		_ReleaseConf_AlchemyRandomTestSuite /* Release */ = {
			isa = XCBuildConfiguration;
			buildSettings = {
				EMBEDDED_CONTENT_CONTAINS_SWIFT = YES;
				INFOPLIST_FILE = AlchemyRandom.xcodeproj/AlchemyRandomTestSuite_Info.plist;
				LD_RUNPATH_SEARCH_PATHS = "@loader_path/../Frameworks";
				OTHER_LDFLAGS = "$(inherited)";
				OTHER_SWIFT_FLAGS = "$(inherited)";
			};
			name = Release;
		};
		"___DebugConf_AlchemyRandom" /* Debug */ = {
			isa = XCBuildConfiguration;
			buildSettings = {
				CURRENT_PROJECT_VERSION = 0.1.0;
				ENABLE_TESTABILITY = YES;
				INFOPLIST_FILE = AlchemyRandom.xcodeproj/AlchemyRandom_Info.plist;
				LD_RUNPATH_SEARCH_PATHS = "$(TOOLCHAIN_DIR)/usr/lib/swift/macosx";
				OTHER_LDFLAGS = "$(inherited)";
				OTHER_SWIFT_FLAGS = "$(inherited)";
				PRODUCT_MODULE_NAME = "$(TARGET_NAME:c99extidentifier)";
				PRODUCT_NAME = "$(TARGET_NAME:c99extidentifier)";
				SWIFT_OPTIMIZATION_LEVEL = "-Onone";
				VERSIONING_SYSTEM = "apple-generic";
			};
			name = Debug;
		};
		"___DebugConf_AlchemyRandomTestSuite" /* Debug */ = {
			isa = XCBuildConfiguration;
			buildSettings = {
				EMBEDDED_CONTENT_CONTAINS_SWIFT = YES;
				INFOPLIST_FILE = AlchemyRandom.xcodeproj/AlchemyRandomTestSuite_Info.plist;
				LD_RUNPATH_SEARCH_PATHS = "@loader_path/../Frameworks";
				OTHER_LDFLAGS = "$(inherited)";
				OTHER_SWIFT_FLAGS = "$(inherited)";
				SWIFT_OPTIMIZATION_LEVEL = "-Onone";
			};
			name = Debug;
		};
		"_____Release_" /* Release */ = {
			isa = XCBuildConfiguration;
			baseConfigurationReference = __PBXFileRef_AlchemyRandom.xcodeproj/Configs/Project.xcconfig /* Project.xcconfig */;
			buildSettings = {
				CURRENT_PROJECT_VERSION = 0.1.0;
				VERSIONING_SYSTEM = "apple-generic";
			};
			name = Release;
		};
		"_______Debug_" /* Debug */ = {
			isa = XCBuildConfiguration;
			baseConfigurationReference = __PBXFileRef_AlchemyRandom.xcodeproj/Configs/Project.xcconfig /* Project.xcconfig */;
			buildSettings = {
				CURRENT_PROJECT_VERSION = 0.1.0;
				VERSIONING_SYSTEM = "apple-generic";
			};
			name = Debug;
		};
/* End XCBuildConfiguration section */

/* Begin XCConfigurationList section */
		"___RootConfs_" /* Build configuration list for PBXProject "AlchemyRandom" */ = {
			isa = XCConfigurationList;
			buildConfigurations = (
				"_______Debug_" /* Debug */,
				"_____Release_" /* Release */,
			);
			defaultConfigurationIsVisible = 0;
			defaultConfigurationName = Debug;
		};
		"_______Confs_AlchemyRandom" /* Build configuration list for PBXNativeTarget "AlchemyRandom" */ = {
			isa = XCConfigurationList;
			buildConfigurations = (
				"___DebugConf_AlchemyRandom" /* Debug */,
				_ReleaseConf_AlchemyRandom /* Release */,
			);
			defaultConfigurationIsVisible = 0;
			defaultConfigurationName = Debug;
		};
		"_______Confs_AlchemyRandomTestSuite" /* Build configuration list for PBXNativeTarget "AlchemyRandomTestSuite" */ = {
			isa = XCConfigurationList;
			buildConfigurations = (
				"___DebugConf_AlchemyRandomTestSuite" /* Debug */,
				_ReleaseConf_AlchemyRandomTestSuite /* Release */,
			);
			defaultConfigurationIsVisible = 0;
			defaultConfigurationName = Debug;
		};
/* End XCConfigurationList section */
	};
	rootObject = __RootObject_ /* Project object */;
}
